<?xml version="1.0" encoding="utf-8"?>
<Project ToolsVersion="4.0" xmlns="http://schemas.microsoft.com/developer/msbuild/2003">
  <ItemGroup>
    <Filter Include="Archivos de origen">
      <UniqueIdentifier>{4FC737F1-C7A5-4376-A066-2A32D752A2FF}</UniqueIdentifier>
      <Extensions>cpp;c;cc;cxx;def;odl;idl;hpj;bat;asm;asmx</Extensions>
    </Filter>
    <Filter Include="Archivos de encabezado">
      <UniqueIdentifier>{93995380-89BD-4b04-88EB-625FBE52EBFB}</UniqueIdentifier>
      <Extensions>h;hh;hpp;hxx;hm;inl;inc;ipp;xsd</Extensions>
    </Filter>
    <Filter Include="Archivos de recursos">
      <UniqueIdentifier>{67DA6AB6-F800-4c08-8B7A-83BB121AAD01}</UniqueIdentifier>
      <Extensions>rc;ico;cur;bmp;dlg;rc2;rct;bin;rgs;gif;jpg;jpeg;jpe;resx;tiff;tif;png;wav;mfcribbon-ms</Extensions>
    </Filter>
    <Filter Include="Archivos de encabezado\vterm">
      <UniqueIdentifier>{8ef73828-a372-4481-8a28-0ab3969f8e15}</UniqueIdentifier>
    </Filter>
    <Filter Include="Archivos de encabezado\ui">
      <UniqueIdentifier>{14794d66-9634-49f6-87f3-8abffa13e225}</UniqueIdentifier>
    </Filter>
    <Filter Include="Archivos de encabezado\gfx">
      <UniqueIdentifier>{8f7689c0-22b6-42c8-9994-dbbb4e8be99d}</UniqueIdentifier>
    </Filter>
    <Filter Include="Archivos de encabezado\os">
      <UniqueIdentifier>{4fb4c973-95c8-4cb6-af01-a75a7a47d23b}</UniqueIdentifier>
    </Filter>
    <Filter Include="Archivos de encabezado\base">
      <UniqueIdentifier>{70cebf87-d3f2-4e45-becb-0535b9cc154d}</UniqueIdentifier>
    </Filter>
    <Filter Include="Archivos de origen\vterm">
      <UniqueIdentifier>{565b7b72-0c49-4423-810c-a2ccebcdbba1}</UniqueIdentifier>
    </Filter>
    <Filter Include="Archivos de origen\ui">
      <UniqueIdentifier>{ee6f657e-201f-4ea6-8665-129d34587693}</UniqueIdentifier>
    </Filter>
    <Filter Include="Archivos de origen\os">
      <UniqueIdentifier>{a1e0540b-ef84-4bd8-9544-b2cba4845791}</UniqueIdentifier>
    </Filter>
    <Filter Include="Archivos de origen\base">
      <UniqueIdentifier>{64e94bc4-db1e-4217-884b-01091cb0e60d}</UniqueIdentifier>
    </Filter>
    <Filter Include="Archivos de origen\gfx">
      <UniqueIdentifier>{9969834f-f88a-48a6-8e80-993aed045420}</UniqueIdentifier>
    </Filter>
  </ItemGroup>
  <ItemGroup>
    <ClInclude Include="base\allocator_block.h">
      <Filter>Archivos de encabezado\base</Filter>
    </ClInclude>
    <ClInclude Include="base\base.h">
      <Filter>Archivos de encabezado\base</Filter>
    </ClInclude>
    <ClInclude Include="base\debug_tools.h">
      <Filter>Archivos de encabezado\base</Filter>
    </ClInclude>
    <ClInclude Include="base\memory_manager.h">
      <Filter>Archivos de encabezado\base</Filter>
    </ClInclude>
    <ClInclude Include="gfx\circle.h">
      <Filter>Archivos de encabezado\gfx</Filter>
    </ClInclude>
    <ClInclude Include="gfx\color.h">
      <Filter>Archivos de encabezado\gfx</Filter>
    </ClInclude>
    <ClInclude Include="gfx\ellipse.h">
      <Filter>Archivos de encabezado\gfx</Filter>
    </ClInclude>
    <ClInclude Include="gfx\gfx.h">
      <Filter>Archivos de encabezado\gfx</Filter>
    </ClInclude>
    <ClInclude Include="gfx\line.h">
      <Filter>Archivos de encabezado\gfx</Filter>
    </ClInclude>
    <ClInclude Include="gfx\parable.h">
      <Filter>Archivos de encabezado\gfx</Filter>
    </ClInclude>
    <ClInclude Include="gfx\point2d.h">
      <Filter>Archivos de encabezado\gfx</Filter>
    </ClInclude>
    <ClInclude Include="gfx\point3d.h">
      <Filter>Archivos de encabezado\gfx</Filter>
    </ClInclude>
    <ClInclude Include="gfx\rect.h">
      <Filter>Archivos de encabezado\gfx</Filter>
    </ClInclude>
    <ClInclude Include="gfx\rgb.h">
      <Filter>Archivos de encabezado\gfx</Filter>
    </ClInclude>
    <ClInclude Include="gfx\shape.h">
      <Filter>Archivos de encabezado\gfx</Filter>
    </ClInclude>
    <ClInclude Include="gfx\shape2d.h">
      <Filter>Archivos de encabezado\gfx</Filter>
    </ClInclude>
    <ClInclude Include="gfx\shape3d.h">
      <Filter>Archivos de encabezado\gfx</Filter>
    </ClInclude>
    <ClInclude Include="gfx\square.h">
      <Filter>Archivos de encabezado\gfx</Filter>
    </ClInclude>
    <ClInclude Include="os\os.h">
      <Filter>Archivos de encabezado\os</Filter>
    </ClInclude>
    <ClInclude Include="os\platform.h">
      <Filter>Archivos de encabezado\os</Filter>
    </ClInclude>
    <ClInclude Include="os\types.h">
      <Filter>Archivos de encabezado\os</Filter>
    </ClInclude>
    <ClInclude Include="os\win32.h">
      <Filter>Archivos de encabezado\os</Filter>
    </ClInclude>
    <ClInclude Include="os\x11.h">
      <Filter>Archivos de encabezado\os</Filter>
    </ClInclude>
    <ClInclude Include="ui\bar.h">
      <Filter>Archivos de encabezado\ui</Filter>
    </ClInclude>
    <ClInclude Include="ui\canvas.h">
      <Filter>Archivos de encabezado\ui</Filter>
    </ClInclude>
    <ClInclude Include="ui\charset.h">
      <Filter>Archivos de encabezado\ui</Filter>
    </ClInclude>
    <ClInclude Include="ui\component.h">
      <Filter>Archivos de encabezado\ui</Filter>
    </ClInclude>
    <ClInclude Include="ui\container.h">
      <Filter>Archivos de encabezado\ui</Filter>
    </ClInclude>
    <ClInclude Include="ui\drawer.h">
      <Filter>Archivos de encabezado\ui</Filter>
    </ClInclude>
    <ClInclude Include="ui\euclidean_space.h">
      <Filter>Archivos de encabezado\ui</Filter>
    </ClInclude>
    <ClInclude Include="ui\frame.h">
      <Filter>Archivos de encabezado\ui</Filter>
    </ClInclude>
    <ClInclude Include="ui\geometric.h">
      <Filter>Archivos de encabezado\ui</Filter>
    </ClInclude>
    <ClInclude Include="ui\graphic.h">
      <Filter>Archivos de encabezado\ui</Filter>
    </ClInclude>
    <ClInclude Include="ui\region.h">
      <Filter>Archivos de encabezado\ui</Filter>
    </ClInclude>
    <ClInclude Include="ui\titlebar.h">
      <Filter>Archivos de encabezado\ui</Filter>
    </ClInclude>
    <ClInclude Include="ui\ui.h">
      <Filter>Archivos de encabezado\ui</Filter>
    </ClInclude>
    <ClInclude Include="ui\ui_component.h">
      <Filter>Archivos de encabezado\ui</Filter>
    </ClInclude>
    <ClInclude Include="vterm\sequences.h">
      <Filter>Archivos de encabezado\vterm</Filter>
    </ClInclude>
    <ClInclude Include="vterm\vterm.h">
      <Filter>Archivos de encabezado\vterm</Filter>
    </ClInclude>
    <ClInclude Include="ui\table.h">
      <Filter>Archivos de encabezado\ui</Filter>
    </ClInclude>
  </ItemGroup>
  <ItemGroup>
    <ClCompile Include="base\allocator_block.cpp">
      <Filter>Archivos de origen\base</Filter>
    </ClCompile>
    <ClCompile Include="base\debug_tools.c">
      <Filter>Archivos de origen\base</Filter>
    </ClCompile>
    <ClCompile Include="base\memory_manager.cpp">
      <Filter>Archivos de origen\base</Filter>
    </ClCompile>
    <ClCompile Include="gfx\color.cpp">
      <Filter>Archivos de origen\gfx</Filter>
    </ClCompile>
    <ClCompile Include="os\win32.cpp">
      <Filter>Archivos de origen\os</Filter>
    </ClCompile>
    <ClCompile Include="os\x11.cpp">
      <Filter>Archivos de origen\os</Filter>
    </ClCompile>
    <ClCompile Include="ui\canvas.cpp">
      <Filter>Archivos de origen\ui</Filter>
    </ClCompile>
    <ClCompile Include="ui\component.cpp">
      <Filter>Archivos de origen\ui</Filter>
    </ClCompile>
    <ClCompile Include="ui\container.cpp">
      <Filter>Archivos de origen\ui</Filter>
    </ClCompile>
    <ClCompile Include="ui\drawer.cpp">
      <Filter>Archivos de origen\ui</Filter>
    </ClCompile>
    <ClCompile Include="ui\euclidean_space.cpp">
      <Filter>Archivos de origen\ui</Filter>
    </ClCompile>
    <ClCompile Include="ui\frame.cpp">
      <Filter>Archivos de origen\ui</Filter>
    </ClCompile>
    <ClCompile Include="ui\geometric.cpp">
      <Filter>Archivos de origen\ui</Filter>
    </ClCompile>
    <ClCompile Include="ui\graphic.cpp">
      <Filter>Archivos de origen\ui</Filter>
    </ClCompile>
    <ClCompile Include="ui\region.cpp">
      <Filter>Archivos de origen\ui</Filter>
    </ClCompile>
    <ClCompile Include="ui\titlebar.cpp">
      <Filter>Archivos de origen\ui</Filter>
    </ClCompile>
    <ClCompile Include="ui\ui_component.cpp">
      <Filter>Archivos de origen\ui</Filter>
    </ClCompile>
    <ClCompile Include="main.cpp">
      <Filter>Archivos de origen</Filter>
    </ClCompile>
    <ClCompile Include="ui\table.cpp">
      <Filter>Archivos de origen\ui</Filter>
    </ClCompile>
  </ItemGroup>
</Project>